// !$*UTF8*$!
{
	archiveVersion = 1;
	classes = {
	};
	objectVersion = 50;
	objects = {

/* Begin PBXBuildFile section */
		7CFA9028235217D000BAE363 /* AppDelegate.swift in Sources */ = {isa = PBXBuildFile; fileRef = 7CFA9027235217D000BAE363 /* AppDelegate.swift */; };
		7CFA902A235217D000BAE363 /* SceneDelegate.swift in Sources */ = {isa = PBXBuildFile; fileRef = 7CFA9029235217D000BAE363 /* SceneDelegate.swift */; };
		7CFA902C235217D000BAE363 /* ViewController.swift in Sources */ = {isa = PBXBuildFile; fileRef = 7CFA902B235217D000BAE363 /* ViewController.swift */; };
		7CFA902F235217D000BAE363 /* Main.storyboard in Resources */ = {isa = PBXBuildFile; fileRef = 7CFA902D235217D000BAE363 /* Main.storyboard */; };
		7CFA9031235217D200BAE363 /* Assets.xcassets in Resources */ = {isa = PBXBuildFile; fileRef = 7CFA9030235217D200BAE363 /* Assets.xcassets */; };
		7CFA9034235217D200BAE363 /* LaunchScreen.storyboard in Resources */ = {isa = PBXBuildFile; fileRef = 7CFA9032235217D200BAE363 /* LaunchScreen.storyboard */; };
		7CFA903C2352185200BAE363 /* GoogleService-Info.plist in Resources */ = {isa = PBXBuildFile; fileRef = 7CFA903B2352185200BAE363 /* GoogleService-Info.plist */; };
		8C6E92B9DAB94490FE8E7AE0 /* Pods_codewchris.framework in Frameworks */ = {isa = PBXBuildFile; fileRef = 7602109A17E359321CAE7A49 /* Pods_codewchris.framework */; };
/* End PBXBuildFile section */

/* Begin PBXFileReference section */
		242FE9B46B1EB2FA5C72737E /* Pods-codewchris.debug.xcconfig */ = {isa = PBXFileReference; includeInIndex = 1; lastKnownFileType = text.xcconfig; name = "Pods-codewchris.debug.xcconfig"; path = "Target Support Files/Pods-codewchris/Pods-codewchris.debug.xcconfig"; sourceTree = "<group>"; };
		6A8253EDFBCBE4D2A1DBEAFB /* Pods-codewchris.release.xcconfig */ = {isa = PBXFileReference; includeInIndex = 1; lastKnownFileType = text.xcconfig; name = "Pods-codewchris.release.xcconfig"; path = "Target Support Files/Pods-codewchris/Pods-codewchris.release.xcconfig"; sourceTree = "<group>"; };
		7602109A17E359321CAE7A49 /* Pods_codewchris.framework */ = {isa = PBXFileReference; explicitFileType = wrapper.framework; includeInIndex = 0; path = Pods_codewchris.framework; sourceTree = BUILT_PRODUCTS_DIR; };
		7CFA9024235217D000BAE363 /* codewchris.app */ = {isa = PBXFileReference; explicitFileType = wrapper.application; includeInIndex = 0; path = codewchris.app; sourceTree = BUILT_PRODUCTS_DIR; };
		7CFA9027235217D000BAE363 /* AppDelegate.swift */ = {isa = PBXFileReference; lastKnownFileType = sourcecode.swift; path = AppDelegate.swift; sourceTree = "<group>"; };
		7CFA9029235217D000BAE363 /* SceneDelegate.swift */ = {isa = PBXFileReference; lastKnownFileType = sourcecode.swift; path = SceneDelegate.swift; sourceTree = "<group>"; };
		7CFA902B235217D000BAE363 /* ViewController.swift */ = {isa = PBXFileReference; lastKnownFileType = sourcecode.swift; path = ViewController.swift; sourceTree = "<group>"; };
		7CFA902E235217D000BAE363 /* Base */ = {isa = PBXFileReference; lastKnownFileType = file.storyboard; name = Base; path = Base.lproj/Main.storyboard; sourceTree = "<group>"; };
		7CFA9030235217D200BAE363 /* Assets.xcassets */ = {isa = PBXFileReference; lastKnownFileType = folder.assetcatalog; path = Assets.xcassets; sourceTree = "<group>"; };
		7CFA9033235217D200BAE363 /* Base */ = {isa = PBXFileReference; lastKnownFileType = file.storyboard; name = Base; path = Base.lproj/LaunchScreen.storyboard; sourceTree = "<group>"; };
		7CFA9035235217D200BAE363 /* Info.plist */ = {isa = PBXFileReference; lastKnownFileType = text.plist.xml; path = Info.plist; sourceTree = "<group>"; };
		7CFA903B2352185200BAE363 /* GoogleService-Info.plist */ = {isa = PBXFileReference; fileEncoding = 4; lastKnownFileType = text.plist.xml; name = "GoogleService-Info.plist"; path = "../../../../Downloads/GoogleService-Info.plist"; sourceTree = "<group>"; };
/* End PBXFileReference section */

/* Begin PBXFrameworksBuildPhase section */
		7CFA9021235217D000BAE363 /* Frameworks */ = {
			isa = PBXFrameworksBuildPhase;
			buildActionMask = 2147483647;
			files = (
				8C6E92B9DAB94490FE8E7AE0 /* Pods_codewchris.framework in Frameworks */,
			);
			runOnlyForDeploymentPostprocessing = 0;
		};
/* End PBXFrameworksBuildPhase section */

/* Begin PBXGroup section */
		79BC067F6C1C133FDA230FC9 /* Pods */ = {
			isa = PBXGroup;
			children = (
				242FE9B46B1EB2FA5C72737E /* Pods-codewchris.debug.xcconfig */,
				6A8253EDFBCBE4D2A1DBEAFB /* Pods-codewchris.release.xcconfig */,
			);
			name = Pods;
			path = Pods;
			sourceTree = "<group>";
		};
		7CFA901B235217CF00BAE363 = {
			isa = PBXGroup;
			children = (
				7CFA9026235217D000BAE363 /* codewchris */,
				7CFA9025235217D000BAE363 /* Products */,
				79BC067F6C1C133FDA230FC9 /* Pods */,
				D4FB150C66C948A87CF7DEEF /* Frameworks */,
			);
			sourceTree = "<group>";
		};
		7CFA9025235217D000BAE363 /* Products */ = {
			isa = PBXGroup;
			children = (
				7CFA9024235217D000BAE363 /* codewchris.app */,
			);
			name = Products;
			sourceTree = "<group>";
		};
		7CFA9026235217D000BAE363 /* codewchris */ = {
			isa = PBXGroup;
			children = (
				7CFA9027235217D000BAE363 /* AppDelegate.swift */,
				7CFA9029235217D000BAE363 /* SceneDelegate.swift */,
				7CFA902B235217D000BAE363 /* ViewController.swift */,
				7CFA902D235217D000BAE363 /* Main.storyboard */,
				7CFA9030235217D200BAE363 /* Assets.xcassets */,
				7CFA9032235217D200BAE363 /* LaunchScreen.storyboard */,
				7CFA903B2352185200BAE363 /* GoogleService-Info.plist */,
				7CFA9035235217D200BAE363 /* Info.plist */,
			);
			path = codewchris;
			sourceTree = "<group>";
		};
		D4FB150C66C948A87CF7DEEF /* Frameworks */ = {
			isa = PBXGroup;
			children = (
				7602109A17E359321CAE7A49 /* Pods_codewchris.framework */,
			);
			name = Frameworks;
			sourceTree = "<group>";
		};
/* End PBXGroup section */

/* Begin PBXNativeTarget section */
		7CFA9023235217D000BAE363 /* codewchris */ = {
			isa = PBXNativeTarget;
			buildConfigurationList = 7CFA9038235217D200BAE363 /* Build configuration list for PBXNativeTarget "codewchris" */;
			buildPhases = (
				5C54CBD18F3D80FAC8701CDD /* [CP] Check Pods Manifest.lock */,
				7CFA9020235217D000BAE363 /* Sources */,
				7CFA9021235217D000BAE363 /* Frameworks */,
				7CFA9022235217D000BAE363 /* Resources */,
				16DFC8E89F3DFA9FCB38BC6A /* [CP] Embed Pods Frameworks */,
			);
			buildRules = (
			);
			dependencies = (
			);
			name = codewchris;
			productName = codewchris;
			productReference = 7CFA9024235217D000BAE363 /* codewchris.app */;
			productType = "com.apple.product-type.application";
		};
/* End PBXNativeTarget section */

/* Begin PBXProject section */
		7CFA901C235217CF00BAE363 /* Project object */ = {
			isa = PBXProject;
			attributes = {
				LastSwiftUpdateCheck = 1110;
				LastUpgradeCheck = 1110;
				ORGANIZATIONNAME = "Yasin Ehsan";
				TargetAttributes = {
					7CFA9023235217D000BAE363 = {
						CreatedOnToolsVersion = 11.1;
					};
				};
			};
			buildConfigurationList = 7CFA901F235217CF00BAE363 /* Build configuration list for PBXProject "codewchris" */;
			compatibilityVersion = "Xcode 9.3";
			developmentRegion = en;
			hasScannedForEncodings = 0;
			knownRegions = (
				en,
				Base,
			);
			mainGroup = 7CFA901B235217CF00BAE363;
			productRefGroup = 7CFA9025235217D000BAE363 /* Products */;
			projectDirPath = "";
			projectRoot = "";
			targets = (
				7CFA9023235217D000BAE363 /* codewchris */,
			);
		};
/* End PBXProject section */

/* Begin PBXResourcesBuildPhase section */
		7CFA9022235217D000BAE363 /* Resources */ = {
			isa = PBXResourcesBuildPhase;
			buildActionMask = 2147483647;
			files = (
				7CFA9034235217D200BAE363 /* LaunchScreen.storyboard in Resources */,
				7CFA903C2352185200BAE363 /* GoogleService-Info.plist in Resources */,
				7CFA9031235217D200BAE363 /* Assets.xcassets in Resources */,
				7CFA902F235217D000BAE363 /* Main.storyboard in Resources */,
			);
			runOnlyForDeploymentPostprocessing = 0;
		};
/* End PBXResourcesBuildPhase section */

/* Begin PBXShellScriptBuildPhase section */
		16DFC8E89F3DFA9FCB38BC6A /* [CP] Embed Pods Frameworks */ = {
			isa = PBXShellScriptBuildPhase;
			buildActionMask = 2147483647;
			files = (
			);
			inputFileListPaths = (
				"${PODS_ROOT}/Target Support Files/Pods-codewchris/Pods-codewchris-frameworks-${CONFIGURATION}-input-files.xcfilelist",
			);
			name = "[CP] Embed Pods Frameworks";
			outputFileListPaths = (
				"${PODS_ROOT}/Target Support Files/Pods-codewchris/Pods-codewchris-frameworks-${CONFIGURATION}-output-files.xcfilelist",
			);
			runOnlyForDeploymentPostprocessing = 0;
			shellPath = /bin/sh;
			shellScript = "\"${PODS_ROOT}/Target Support Files/Pods-codewchris/Pods-codewchris-frameworks.sh\"\n";
			showEnvVarsInLog = 0;
		};
		5C54CBD18F3D80FAC8701CDD /* [CP] Check Pods Manifest.lock */ = {
			isa = PBXShellScriptBuildPhase;
			buildActionMask = 2147483647;
			files = (
			);
			inputFileListPaths = (
			);
			inputPaths = (
				"${PODS_PODFILE_DIR_PATH}/Podfile.lock",
				"${PODS_ROOT}/Manifest.lock",
			);
			name = "[CP] Check Pods Manifest.lock";
			outputFileListPaths = (
			);
			outputPaths = (
				"$(DERIVED_FILE_DIR)/Pods-codewchris-checkManifestLockResult.txt",
			);
			runOnlyForDeploymentPostprocessing = 0;
			shellPath = /bin/sh;
			shellScript = "diff \"${PODS_PODFILE_DIR_PATH}/Podfile.lock\" \"${PODS_ROOT}/Manifest.lock\" > /dev/null\nif [ $? != 0 ] ; then\n    # print error to STDERR\n    echo \"error: The sandbox is not in sync with the Podfile.lock. Run 'pod install' or update your CocoaPods installation.\" >&2\n    exit 1\nfi\n# This output is used by Xcode 'outputs' to avoid re-running this script phase.\necho \"SUCCESS\" > \"${SCRIPT_OUTPUT_FILE_0}\"\n";
			showEnvVarsInLog = 0;
		};
/* End PBXShellScriptBuildPhase section */

/* Begin PBXSourcesBuildPhase section */
		7CFA9020235217D000BAE363 /* Sources */ = {
			isa = PBXSourcesBuildPhase;
			buildActionMask = 2147483647;
			files = (
				7CFA902C235217D000BAE363 /* ViewController.swift in Sources */,
				7CFA9028235217D000BAE363 /* AppDelegate.swift in Sources */,
				7CFA902A235217D000BAE363 /* SceneDelegate.swift in Sources */,
			);
			runOnlyForDeploymentPostprocessing = 0;
		};
/* End PBXSourcesBuildPhase section */

/* Begin PBXVariantGroup section */
		7CFA902D235217D000BAE363 /* Main.storyboard */ = {
			isa = PBXVariantGroup;
			children = (
				7CFA902E235217D000BAE363 /* Base */,
			);
			name = Main.storyboard;
			sourceTree = "<group>";
		};
		7CFA9032235217D200BAE363 /* LaunchScreen.storyboard */ = {
			isa = PBXVariantGroup;
			children = (
				7CFA9033235217D200BAE363 /* Base */,
			);
			name = LaunchScreen.storyboard;
			sourceTree = "<group>";
		};
/* End PBXVariantGroup section */

/* Begin XCBuildConfiguration section */
		7CFA9036235217D200BAE363 /* Debug */ = {
			isa = XCBuildConfiguration;
			buildSettings = {
				ALWAYS_SEARCH_USER_PATHS = NO;
				CLANG_ANALYZER_NONNULL = YES;
				CLANG_ANALYZER_NUMBER_OBJECT_CONVERSION = YES_AGGRESSIVE;
				CLANG_CXX_LANGUAGE_STANDARD = "gnu++14";
				CLANG_CXX_LIBRARY = "libc++";
				CLANG_ENABLE_MODULES = YES;
				CLANG_ENABLE_OBJC_ARC = YES;
				CLANG_ENABLE_OBJC_WEAK = YES;
				CLANG_WARN_BLOCK_CAPTURE_AUTORELEASING = YES;
				CLANG_WARN_BOOL_CONVERSION = YES;
				CLANG_WARN_COMMA = YES;
				CLANG_WARN_CONSTANT_CONVERSION = YES;
				CLANG_WARN_DEPRECATED_OBJC_IMPLEMENTATIONS = YES;
				CLANG_WARN_DIRECT_OBJC_ISA_USAGE = YES_ERROR;
				CLANG_WARN_DOCUMENTATION_COMMENTS = YES;
				CLANG_WARN_EMPTY_BODY = YES;
				CLANG_WARN_ENUM_CONVERSION = YES;
				CLANG_WARN_INFINITE_RECURSION = YES;
				CLANG_WARN_INT_CONVERSION = YES;
				CLANG_WARN_NON_LITERAL_NULL_CONVERSION = YES;
				CLANG_WARN_OBJC_IMPLICIT_RETAIN_SELF = YES;
				CLANG_WARN_OBJC_LITERAL_CONVERSION = YES;
				CLANG_WARN_OBJC_ROOT_CLASS = YES_ERROR;
				CLANG_WARN_RANGE_LOOP_ANALYSIS = YES;
				CLANG_WARN_STRICT_PROTOTYPES = YES;
				CLANG_WARN_SUSPICIOUS_MOVE = YES;
				CLANG_WARN_UNGUARDED_AVAILABILITY = YES_AGGRESSIVE;
				CLANG_WARN_UNREACHABLE_CODE = YES;
				CLANG_WARN__DUPLICATE_METHOD_MATCH = YES;
				COPY_PHASE_STRIP = NO;
				DEBUG_INFORMATION_FORMAT = dwarf;
				ENABLE_STRICT_OBJC_MSGSEND = YES;
				ENABLE_TESTABILITY = YES;
				GCC_C_LANGUAGE_STANDARD = gnu11;
				GCC_DYNAMIC_NO_PIC = NO;
				GCC_NO_COMMON_BLOCKS = YES;
				GCC_OPTIMIZATION_LEVEL = 0;
				GCC_PREPROCESSOR_DEFINITIONS = (
					"DEBUG=1",
					"$(inherited)",
				);
				GCC_WARN_64_TO_32_BIT_CONVERSION = YES;
				GCC_WARN_ABOUT_RETURN_TYPE = YES_ERROR;
				GCC_WARN_UNDECLARED_SELECTOR = YES;
				GCC_WARN_UNINITIALIZED_AUTOS = YES_AGGRESSIVE;
				GCC_WARN_UNUSED_FUNCTION = YES;
				GCC_WARN_UNUSED_VARIABLE = YES;
				IPHONEOS_DEPLOYMENT_TARGET = 13.1;
				MTL_ENABLE_DEBUG_INFO = INCLUDE_SOURCE;
				MTL_FAST_MATH = YES;
				ONLY_ACTIVE_ARCH = YES;
				SDKROOT = iphoneos;
				SWIFT_ACTIVE_COMPILATION_CONDITIONS = DEBUG;
				SWIFT_OPTIMIZATION_LEVEL = "-Onone";
			};
			name = Debug;
		};
		7CFA9037235217D200BAE363 /* Release */ = {
			isa = XCBuildConfiguration;
			buildSettings = {
				ALWAYS_SEARCH_USER_PATHS = NO;
				CLANG_ANALYZER_NONNULL = YES;
				CLANG_ANALYZER_NUMBER_OBJECT_CONVERSION = YES_AGGRESSIVE;
				CLANG_CXX_LANGUAGE_STANDARD = "gnu++14";
				CLANG_CXX_LIBRARY = "libc++";
				CLANG_ENABLE_MODULES = YES;
				CLANG_ENABLE_OBJC_ARC = YES;
				CLANG_ENABLE_OBJC_WEAK = YES;
				CLANG_WARN_BLOCK_CAPTURE_AUTORELEASING = YES;
				CLANG_WARN_BOOL_CONVERSION = YES;
				CLANG_WARN_COMMA = YES;
				CLANG_WARN_CONSTANT_CONVERSION = YES;
				CLANG_WARN_DEPRECATED_OBJC_IMPLEMENTATIONS = YES;
				CLANG_WARN_DIRECT_OBJC_ISA_USAGE = YES_ERROR;
				CLANG_WARN_DOCUMENTATION_COMMENTS = YES;
				CLANG_WARN_EMPTY_BODY = YES;
				CLANG_WARN_ENUM_CONVERSION = YES;
				CLANG_WARN_INFINITE_RECURSION = YES;
				CLANG_WARN_INT_CONVERSION = YES;
				CLANG_WARN_NON_LITERAL_NULL_CONVERSION = YES;
				CLANG_WARN_OBJC_IMPLICIT_RETAIN_SELF = YES;
				CLANG_WARN_OBJC_LITERAL_CONVERSION = YES;
				CLANG_WARN_OBJC_ROOT_CLASS = YES_ERROR;
				CLANG_WARN_RANGE_LOOP_ANALYSIS = YES;
				CLANG_WARN_STRICT_PROTOTYPES = YES;
				CLANG_WARN_SUSPICIOUS_MOVE = YES;
				CLANG_WARN_UNGUARDED_AVAILABILITY = YES_AGGRESSIVE;
				CLANG_WARN_UNREACHABLE_CODE = YES;
				CLANG_WARN__DUPLICATE_METHOD_MATCH = YES;
				COPY_PHASE_STRIP = NO;
				DEBUG_INFORMATION_FORMAT = "dwarf-with-dsym";
				ENABLE_NS_ASSERTIONS = NO;
				ENABLE_STRICT_OBJC_MSGSEND = YES;
				GCC_C_LANGUAGE_STANDARD = gnu11;
				GCC_NO_COMMON_BLOCKS = YES;
				GCC_WARN_64_TO_32_BIT_CONVERSION = YES;
				GCC_WARN_ABOUT_RETURN_TYPE = YES_ERROR;
				GCC_WARN_UNDECLARED_SELECTOR = YES;
				GCC_WARN_UNINITIALIZED_AUTOS = YES_AGGRESSIVE;
				GCC_WARN_UNUSED_FUNCTION = YES;
				GCC_WARN_UNUSED_VARIABLE = YES;
				IPHONEOS_DEPLOYMENT_TARGET = 13.1;
				MTL_ENABLE_DEBUG_INFO = NO;
				MTL_FAST_MATH = YES;
				SDKROOT = iphoneos;
				SWIFT_COMPILATION_MODE = wholemodule;
				SWIFT_OPTIMIZATION_LEVEL = "-O";
				VALIDATE_PRODUCT = YES;
			};
			name = Release;
		};
		7CFA9039235217D200BAE363 /* Debug */ = {
			isa = XCBuildConfiguration;
			baseConfigurationReference = 242FE9B46B1EB2FA5C72737E /* Pods-codewchris.debug.xcconfig */;
			buildSettings = {
				ASSETCATALOG_COMPILER_APPICON_NAME = AppIcon;
				CODE_SIGN_STYLE = Automatic;
				DEVELOPMENT_TEAM = 4L2JW8YQE4;
				INFOPLIST_FILE = codewchris/Info.plist;
				LD_RUNPATH_SEARCH_PATHS = (
					"$(inherited)",
					"@executable_path/Frameworks",
				);
				PRODUCT_BUNDLE_IDENTIFIER = com.yasinehsan.codewchris;
				PRODUCT_NAME = "$(TARGET_NAME)";
				SWIFT_VERSION = 5.0;
				TARGETED_DEVICE_FAMILY = "1,2";
			};
			name = Debug;
		};
		7CFA903A235217D200BAE363 /* Release */ = {
			isa = XCBuildConfiguration;
			baseConfigurationReference = 6A8253EDFBCBE4D2A1DBEAFB /* Pods-codewchris.release.xcconfig */;
			buildSettings = {
				ASSETCATALOG_COMPILER_APPICON_NAME = AppIcon;
				CODE_SIGN_STYLE = Automatic;
				DEVELOPMENT_TEAM = 4L2JW8YQE4;
				INFOPLIST_FILE = codewchris/Info.plist;
				LD_RUNPATH_SEARCH_PATHS = (
					"$(inherited)",
					"@executable_path/Frameworks",
				);
				PRODUCT_BUNDLE_IDENTIFIER = com.yasinehsan.codewchris;
				PRODUCT_NAME = "$(TARGET_NAME)";
				SWIFT_VERSION = 5.0;
				TARGETED_DEVICE_FAMILY = "1,2";
			};
			name = Release;
		};
/* End XCBuildConfiguration section */

/* Begin XCConfigurationList section */
		7CFA901F235217CF00BAE363 /* Build configuration list for PBXProject "codewchris" */ = {
			isa = XCConfigurationList;
			buildConfigurations = (
				7CFA9036235217D200BAE363 /* Debug */,
				7CFA9037235217D200BAE363 /* Release */,
			);
			defaultConfigurationIsVisible = 0;
			defaultConfigurationName = Release;
		};
		7CFA9038235217D200BAE363 /* Build configuration list for PBXNativeTarget "codewchris" */ = {
			isa = XCConfigurationList;
			buildConfigurations = (
				7CFA9039235217D200BAE363 /* Debug */,
				7CFA903A235217D200BAE363 /* Release */,
			);
			defaultConfigurationIsVisible = 0;
			defaultConfigurationName = Release;
		};
/* End XCConfigurationList section */
	};
	rootObject = 7CFA901C235217CF00BAE363 /* Project object */;
}
